
Microsoft Visual Studio Solution File, Format Version 12.00
# Visual Studio Version 16
VisualStudioVersion = 16.0.33920.266
MinimumVisualStudioVersion = 10.0.40219.1
Project("{C9674DCB-5085-4A16-B785-4C70DD1589BD}") = "SSIS FENIX v2", "SSIS FENIX v2\SSIS FENIX v2.dtproj", "{EB744F62-311C-4C79-B28B-DB123F52834A}"
EndProject
Global
	GlobalSection(SolutionConfigurationPlatforms) = preSolution
		Development|Default = Development|Default
	EndGlobalSection
	GlobalSection(ProjectConfigurationPlatforms) = postSolution
		{EB744F62-311C-4C79-B28B-DB123F52834A}.Development|Default.ActiveCfg = Development
		{EB744F62-311C-4C79-B28B-DB123F52834A}.Development|Default.Build.0 = Development
	EndGlobalSection
	GlobalSection(SolutionProperties) = preSolution
		HideSolutionNode = FALSE
	EndGlobalSection
	GlobalSection(ExtensibilityGlobals) = postSolution
		SolutionGuid = {44D4BF66-82E9-431C-9229-4A65C73F8645}
	EndGlobalSection
EndGlobal
